
Microsoft Visual Studio Solution File, Format Version 12.00
# Visual Studio Version 16
VisualStudioVersion = 16.0.33529.622
MinimumVisualStudioVersion = 10.0.40219.1
Project("{FAE04EC0-301F-11D3-BF4B-00C04F79EFBC}") = "Server", "Server.csproj", "{B37EA916-C479-42DC-8FF4-C4A9CEBA266D}"
EndProject
Project("{FAE04EC0-301F-11D3-BF4B-00C04F79EFBC}") = "Client", "..\Client\Client.csproj", "{142C7EF4-696E-4AF6-B6DE-1DCF45DF6D9D}"
EndProject
Global
	GlobalSection(SolutionConfigurationPlatforms) = preSolution
		Debug|Any CPU = Debug|Any CPU
		Release|Any CPU = Release|Any CPU
	EndGlobalSection
	GlobalSection(ProjectConfigurationPlatforms) = postSolution
		{B37EA916-C479-42DC-8FF4-C4A9CEBA266D}.Debug|Any CPU.ActiveCfg = Debug|Any CPU
		{B37EA916-C479-42DC-8FF4-C4A9CEBA266D}.Debug|Any CPU.Build.0 = Debug|Any CPU
		{B37EA916-C479-42DC-8FF4-C4A9CEBA266D}.Release|Any CPU.ActiveCfg = Release|Any CPU
		{B37EA916-C479-42DC-8FF4-C4A9CEBA266D}.Release|Any CPU.Build.0 = Release|Any CPU
		{142C7EF4-696E-4AF6-B6DE-1DCF45DF6D9D}.Debug|Any CPU.ActiveCfg = Debug|Any CPU
		{142C7EF4-696E-4AF6-B6DE-1DCF45DF6D9D}.Debug|Any CPU.Build.0 = Debug|Any CPU
		{142C7EF4-696E-4AF6-B6DE-1DCF45DF6D9D}.Release|Any CPU.ActiveCfg = Release|Any CPU
		{142C7EF4-696E-4AF6-B6DE-1DCF45DF6D9D}.Release|Any CPU.Build.0 = Release|Any CPU
	EndGlobalSection
	GlobalSection(SolutionProperties) = preSolution
		HideSolutionNode = FALSE
	EndGlobalSection
	GlobalSection(ExtensibilityGlobals) = postSolution
		SolutionGuid = {F3DE3520-A365-49DF-B16B-BCCE14E5E3BB}
	EndGlobalSection
EndGlobal
